
Microsoft Visual Studio Solution File, Format Version 12.00
# Visual Studio 15
VisualStudioVersion = 15.0.28010.2041
MinimumVisualStudioVersion = 10.0.40219.1
Project("{FAE04EC0-301F-11D3-BF4B-00C04F79EFBC}") = "lesko2", "lesko2\lesko2.csproj", "{78072E48-5B99-4CC0-B783-68B586D4E1B2}"
EndProject
Global
	GlobalSection(SolutionConfigurationPlatforms) = preSolution
		Debug|Any CPU = Debug|Any CPU
		Release|Any CPU = Release|Any CPU
	EndGlobalSection
	GlobalSection(ProjectConfigurationPlatforms) = postSolution
		{78072E48-5B99-4CC0-B783-68B586D4E1B2}.Debug|Any CPU.ActiveCfg = Debug|Any CPU
		{78072E48-5B99-4CC0-B783-68B586D4E1B2}.Debug|Any CPU.Build.0 = Debug|Any CPU
		{78072E48-5B99-4CC0-B783-68B586D4E1B2}.Release|Any CPU.ActiveCfg = Release|Any CPU
		{78072E48-5B99-4CC0-B783-68B586D4E1B2}.Release|Any CPU.Build.0 = Release|Any CPU
	EndGlobalSection
	GlobalSection(SolutionProperties) = preSolution
		HideSolutionNode = FALSE
	EndGlobalSection
	GlobalSection(ExtensibilityGlobals) = postSolution
		SolutionGuid = {483194F1-DD62-4F06-A0BE-8A7BB21A9B9B}
	EndGlobalSection
EndGlobal
